<?xml version="1.0" encoding="utf-8"?>
<Project ToolsVersion="4.0" xmlns="http://schemas.microsoft.com/developer/msbuild/2003">
  <ItemGroup>
    <Filter Include="Source Files">
      <UniqueIdentifier>{4FC737F1-C7A5-4376-A066-2A32D752A2FF}</UniqueIdentifier>
      <Extensions>cpp;c;cc;cxx;def;odl;idl;hpj;bat;asm;asmx</Extensions>
    </Filter>
    <Filter Include="Header Files">
      <UniqueIdentifier>{93995380-89BD-4b04-88EB-625FBE52EBFB}</UniqueIdentifier>
      <Extensions>h;hh;hpp;hxx;hm;inl;inc;xsd</Extensions>
    </Filter>
    <Filter Include="Resource Files">
      <UniqueIdentifier>{D9D6E242-F8AF-46E4-B9FD-80ECBC20BA3E}</UniqueIdentifier>
      <Extensions>qrc;*</Extensions>
      <ParseFiles>false</ParseFiles>
    </Filter>
    <Filter Include="Form Files">
      <UniqueIdentifier>{99349809-55BA-4b9d-BF79-8FDBB0286EB3}</UniqueIdentifier>
      <Extensions>ui</Extensions>
    </Filter>
    <Filter Include="Resource Files">
      <UniqueIdentifier>{D9D6E242-F8AF-46E4-B9FD-80ECBC20BA3E}</UniqueIdentifier>
      <Extensions>qrc;*</Extensions>
      <ParseFiles>false</ParseFiles>
    </Filter>
    <Filter Include="Generated Files">
      <UniqueIdentifier>{71ED8ED8-ACB9-4CE9-BBE1-E00B30144E11}</UniqueIdentifier>
      <Extensions>moc;h;cpp</Extensions>
      <SourceControlFiles>False</SourceControlFiles>
    </Filter>
    <Filter Include="Generated Files\Debug">
      <UniqueIdentifier>{2870e6cb-1c54-438b-97dd-fa5f79d2f02a}</UniqueIdentifier>
      <Extensions>cpp;moc</Extensions>
      <SourceControlFiles>False</SourceControlFiles>
    </Filter>
    <Filter Include="Generated Files\Release">
      <UniqueIdentifier>{3f8abcf3-4c64-4038-8d19-e310c9e5fa4b}</UniqueIdentifier>
      <Extensions>cpp;moc</Extensions>
      <SourceControlFiles>False</SourceControlFiles>
    </Filter>
    <Filter Include="Slicer">
      <UniqueIdentifier>{a1899022-8c38-4d1a-a201-722f8776bf17}</UniqueIdentifier>
    </Filter>
    <Filter Include="Image">
      <UniqueIdentifier>{8121342e-4985-41c6-9d17-86775d2ea729}</UniqueIdentifier>
    </Filter>
  </ItemGroup>
  <ItemGroup>
    <ClCompile Include="main.cpp">
      <Filter>Source Files</Filter>
    </ClCompile>
    <ClCompile Include="VisionPacs_3D.cpp">
      <Filter>Source Files</Filter>
    </ClCompile>
    <ClCompile Include="GeneratedFiles\Debug\moc_VisionPacs_3D.cpp">
      <Filter>Generated Files\Debug</Filter>
    </ClCompile>
    <ClCompile Include="GeneratedFiles\Release\moc_VisionPacs_3D.cpp">
      <Filter>Generated Files\Release</Filter>
    </ClCompile>
    <ClCompile Include="GeneratedFiles\qrc_VisionPacs_3D.cpp">
      <Filter>Generated Files</Filter>
    </ClCompile>
    <ClCompile Include="DcmTag.cpp">
      <Filter>Source Files</Filter>
    </ClCompile>
    <ClCompile Include="DcmVR.cpp">
      <Filter>Source Files</Filter>
    </ClCompile>
    <ClCompile Include="HsBaseFile.cpp">
      <Filter>Source Files</Filter>
    </ClCompile>
    <ClCompile Include="HsBaseImg.cpp">
      <Filter>Source Files</Filter>
    </ClCompile>
    <ClCompile Include="HsFile.cpp">
      <Filter>Source Files</Filter>
    </ClCompile>
    <ClCompile Include="HsImage.cpp">
      <Filter>Source Files</Filter>
    </ClCompile>
    <ClCompile Include="ImageWnd.cpp">
      <Filter>Source Files</Filter>
    </ClCompile>
    <ClCompile Include="GeneratedFiles\Debug\moc_ImageWnd.cpp">
      <Filter>Generated Files\Debug</Filter>
    </ClCompile>
    <ClCompile Include="GeneratedFiles\Release\moc_ImageWnd.cpp">
      <Filter>Generated Files\Release</Filter>
    </ClCompile>
    <ClCompile Include="stdafx.cpp">
      <Filter>Source Files</Filter>
    </ClCompile>
    <ClCompile Include="Vtk2DWnd.cpp">
      <Filter>Source Files</Filter>
    </ClCompile>
    <ClCompile Include="GeneratedFiles\Debug\moc_Vtk2DWnd.cpp">
      <Filter>Generated Files\Debug</Filter>
    </ClCompile>
    <ClCompile Include="GeneratedFiles\Release\moc_Vtk2DWnd.cpp">
      <Filter>Generated Files\Release</Filter>
    </ClCompile>
    <ClCompile Include="Vtk3DWnd.cpp">
      <Filter>Source Files</Filter>
    </ClCompile>
    <ClCompile Include="GeneratedFiles\Debug\moc_Vtk3DWnd.cpp">
      <Filter>Generated Files\Debug</Filter>
    </ClCompile>
    <ClCompile Include="GeneratedFiles\Release\moc_Vtk3DWnd.cpp">
      <Filter>Generated Files\Release</Filter>
    </ClCompile>
    <ClCompile Include="VtkVRInteractorStyle.cpp">
      <Filter>Source Files</Filter>
    </ClCompile>
    <ClCompile Include="WaitDlg.cpp">
      <Filter>Source Files</Filter>
    </ClCompile>
    <ClCompile Include="GeneratedFiles\Debug\moc_WaitDlg.cpp">
      <Filter>Generated Files\Debug</Filter>
    </ClCompile>
    <ClCompile Include="GeneratedFiles\Release\moc_WaitDlg.cpp">
      <Filter>Generated Files\Release</Filter>
    </ClCompile>
    <ClCompile Include="WorkZone.cpp">
      <Filter>Source Files</Filter>
    </ClCompile>
    <ClCompile Include="GeneratedFiles\Debug\moc_WorkZone.cpp">
      <Filter>Generated Files\Debug</Filter>
    </ClCompile>
    <ClCompile Include="GeneratedFiles\Release\moc_WorkZone.cpp">
      <Filter>Generated Files\Release</Filter>
    </ClCompile>
    <ClCompile Include="Slicer\vtkSlicerGPUMultiVolumeMapper.cxx">
      <Filter>Slicer</Filter>
    </ClCompile>
    <ClCompile Include="Slicer\vtkSlicerGPURayCastMultiVolumeMapper.cxx">
      <Filter>Slicer</Filter>
    </ClCompile>
    <ClCompile Include="Slicer\vtkSlicerGPURayCastVolumeMapper.cxx">
      <Filter>Slicer</Filter>
    </ClCompile>
    <ClCompile Include="Slicer\vtkSlicerGPUVolumeMapper.cxx">
      <Filter>Slicer</Filter>
    </ClCompile>
    <ClCompile Include="HsNormalMprMaker.cpp">
      <Filter>Source Files</Filter>
    </ClCompile>
  </ItemGroup>
  <ItemGroup>
    <CustomBuild Include="VisionPacs_3D.h">
      <Filter>Header Files</Filter>
    </CustomBuild>
    <CustomBuild Include="VisionPacs_3D.ui">
      <Filter>Form Files</Filter>
    </CustomBuild>
    <CustomBuild Include="VisionPacs_3D.qrc">
      <Filter>Resource Files</Filter>
    </CustomBuild>
    <CustomBuild Include="ImageWnd.h">
      <Filter>Header Files</Filter>
    </CustomBuild>
    <CustomBuild Include="ImageWnd.ui">
      <Filter>Form Files</Filter>
    </CustomBuild>
    <CustomBuild Include="Vtk2DWnd.h">
      <Filter>Header Files</Filter>
    </CustomBuild>
    <CustomBuild Include="Vtk2DWnd.ui">
      <Filter>Form Files</Filter>
    </CustomBuild>
    <CustomBuild Include="Vtk3DWnd.h">
      <Filter>Header Files</Filter>
    </CustomBuild>
    <CustomBuild Include="Vtk3DWnd.ui">
      <Filter>Form Files</Filter>
    </CustomBuild>
    <CustomBuild Include="WaitDlg.h">
      <Filter>Header Files</Filter>
    </CustomBuild>
    <CustomBuild Include="WaitDlg.ui">
      <Filter>Form Files</Filter>
    </CustomBuild>
    <CustomBuild Include="WorkZone.h">
      <Filter>Header Files</Filter>
    </CustomBuild>
    <CustomBuild Include="WorkZone.ui">
      <Filter>Form Files</Filter>
    </CustomBuild>
  </ItemGroup>
  <ItemGroup>
    <ClInclude Include="GeneratedFiles\ui_VisionPacs_3D.h">
      <Filter>Generated Files</Filter>
    </ClInclude>
    <ClInclude Include="DcmTag.h">
      <Filter>Header Files</Filter>
    </ClInclude>
    <ClInclude Include="DcmVR.h">
      <Filter>Header Files</Filter>
    </ClInclude>
    <ClInclude Include="HsBaseFile.h">
      <Filter>Header Files</Filter>
    </ClInclude>
    <ClInclude Include="HsBaseImg.h">
      <Filter>Header Files</Filter>
    </ClInclude>
    <ClInclude Include="HsDcmDic.h">
      <Filter>Header Files</Filter>
    </ClInclude>
    <ClInclude Include="HsFile.h">
      <Filter>Header Files</Filter>
    </ClInclude>
    <ClInclude Include="HsImage.h">
      <Filter>Header Files</Filter>
    </ClInclude>
    <ClInclude Include="GeneratedFiles\ui_ImageWnd.h">
      <Filter>Generated Files</Filter>
    </ClInclude>
    <ClInclude Include="resource.h">
      <Filter>Header Files</Filter>
    </ClInclude>
    <ClInclude Include="stdafx.h">
      <Filter>Header Files</Filter>
    </ClInclude>
    <ClInclude Include="Structure.h">
      <Filter>Header Files</Filter>
    </ClInclude>
    <ClInclude Include="GeneratedFiles\ui_Vtk2DWnd.h">
      <Filter>Generated Files</Filter>
    </ClInclude>
    <ClInclude Include="GeneratedFiles\ui_Vtk3DWnd.h">
      <Filter>Generated Files</Filter>
    </ClInclude>
    <ClInclude Include="vtkheader.h">
      <Filter>Header Files</Filter>
    </ClInclude>
    <ClInclude Include="VtkSelfDefineInteractorStyleExport.h">
      <Filter>Header Files</Filter>
    </ClInclude>
    <ClInclude Include="VtkVRInteractorStyle.h">
      <Filter>Header Files</Filter>
    </ClInclude>
    <ClInclude Include="GeneratedFiles\ui_WaitDlg.h">
      <Filter>Generated Files</Filter>
    </ClInclude>
    <ClInclude Include="GeneratedFiles\ui_WorkZone.h">
      <Filter>Generated Files</Filter>
    </ClInclude>
    <ClInclude Include="Slicer\VolumeRenderingReplacementsExport.h">
      <Filter>Slicer</Filter>
    </ClInclude>
    <ClInclude Include="Slicer\vtkSlicerGPUMultiVolumeMapper.h">
      <Filter>Slicer</Filter>
    </ClInclude>
    <ClInclude Include="Slicer\vtkSlicerGPURayCastMultiVolumeMapper.h">
      <Filter>Slicer</Filter>
    </ClInclude>
    <ClInclude Include="Slicer\vtkSlicerGPURayCastVolumeMapper.h">
      <Filter>Slicer</Filter>
    </ClInclude>
    <ClInclude Include="Slicer\vtkSlicerGPUVolumeMapper.h">
      <Filter>Slicer</Filter>
    </ClInclude>
    <ClInclude Include="Slicer\vtkVolumeRenderingReplacements.h">
      <Filter>Slicer</Filter>
    </ClInclude>
    <ClInclude Include="HsNormalMprMaker.h">
      <Filter>Header Files</Filter>
    </ClInclude>
  </ItemGroup>
  <ItemGroup>
    <None Include="Image\style.css">
      <Filter>Image</Filter>
    </None>
  </ItemGroup>
</Project>